
Microsoft Visual Studio Solution File, Format Version 12.00
Project("{FAE04EC0-301F-11D3-BF4B-00C04F79EFBC}") = "Aspire", "source\MadWorldNL.Caretta.Aspire\Aspire.csproj", "{6EF65F12-9615-4488-8F19-95EF753559F9}"
EndProject
Project("{2150E333-8FDC-42A3-9474-1A3956D46DE8}") = "Solution", "Solution", "{B1AB2FF4-192F-4645-8001-C8C7AE11A7C4}"
	ProjectSection(SolutionItems) = preProject
		.gitignore = .gitignore
		README.md = README.md
		LICENSE = LICENSE
		Directory.Build.props = Directory.Build.props
		Directory.Packages.props = Directory.Packages.props
	EndProjectSection
EndProject
Project("{2150E333-8FDC-42A3-9474-1A3956D46DE8}") = "Source", "Source", "{47D4518B-A428-43D0-B153-8097A7BD8292}"
EndProject
Project("{2150E333-8FDC-42A3-9474-1A3956D46DE8}") = "Controllers", "Controllers", "{958A9916-D2EF-4F35-BC85-DD9BB964D90F}"
EndProject
Project("{FAE04EC0-301F-11D3-BF4B-00C04F79EFBC}") = "Api", "source\MadWorldNL.Caretta.Controllers.Api\Api.csproj", "{199CAFE5-A4E4-4FC9-ACE6-21DA3A6F6D47}"
EndProject
Project("{FAE04EC0-301F-11D3-BF4B-00C04F79EFBC}") = "Web", "source\MadWorldNL.Caretta.Controllers.Web\Web.csproj", "{27882CE4-7863-4A2B-A1E8-6B42CAF25499}"
EndProject
Project("{2150E333-8FDC-42A3-9474-1A3956D46DE8}") = "Tests", "Tests", "{99D07411-C153-40C2-911A-5FDA17D31FB9}"
EndProject
Project("{2150E333-8FDC-42A3-9474-1A3956D46DE8}") = "Controllers", "Controllers", "{32D76899-4C73-43B2-81AF-EFFC95DB12DD}"
EndProject
Project("{FAE04EC0-301F-11D3-BF4B-00C04F79EFBC}") = "Api.Tests", "tests\MadWorldNL.Caretta.Controllers.Api.Tests\Api.Tests.csproj", "{92560335-D3BB-4D98-A5A2-6A064DBFF94E}"
EndProject
Project("{2150E333-8FDC-42A3-9474-1A3956D46DE8}") = "Infrastructure", "Infrastructure", "{5D973272-5DA3-4249-9B12-0F6F7DDA6BAF}"
EndProject
Project("{2150E333-8FDC-42A3-9474-1A3956D46DE8}") = "Domain", "Domain", "{9C3FA5A6-A348-4C20-811B-F8A3F825D7EF}"
EndProject
Project("{FAE04EC0-301F-11D3-BF4B-00C04F79EFBC}") = "Functions", "source\MadWorldNL.Caretta.Domain.Functions\Functions.csproj", "{1C6DC1F6-31A2-45D6-8F62-516E85B52EB9}"
EndProject
Project("{FAE04EC0-301F-11D3-BF4B-00C04F79EFBC}") = "Contracts", "source\MadWorldNL.Caretta.Domain.Contracts\Contracts.csproj", "{82CD49D7-75A3-4DA9-8E62-67170BB5E2A9}"
EndProject
Project("{FAE04EC0-301F-11D3-BF4B-00C04F79EFBC}") = "Entities", "source\MadWorldNL.Caretta.Domain.Entities\Entities.csproj", "{6D2D472D-E269-4FC5-AAEB-7BED59818889}"
EndProject
Project("{FAE04EC0-301F-11D3-BF4B-00C04F79EFBC}") = "KurrentDb", "source\MadWorldNL.Caretta.Infrastructure.KurrentDb\KurrentDb.csproj", "{34587880-0B8D-4A3B-901E-DC40289005BB}"
EndProject
Global
	GlobalSection(SolutionConfigurationPlatforms) = preSolution
		Debug|Any CPU = Debug|Any CPU
		Release|Any CPU = Release|Any CPU
	EndGlobalSection
	GlobalSection(ProjectConfigurationPlatforms) = postSolution
		{6EF65F12-9615-4488-8F19-95EF753559F9}.Debug|Any CPU.ActiveCfg = Debug|Any CPU
		{6EF65F12-9615-4488-8F19-95EF753559F9}.Debug|Any CPU.Build.0 = Debug|Any CPU
		{6EF65F12-9615-4488-8F19-95EF753559F9}.Release|Any CPU.ActiveCfg = Release|Any CPU
		{6EF65F12-9615-4488-8F19-95EF753559F9}.Release|Any CPU.Build.0 = Release|Any CPU
		{199CAFE5-A4E4-4FC9-ACE6-21DA3A6F6D47}.Debug|Any CPU.ActiveCfg = Debug|Any CPU
		{199CAFE5-A4E4-4FC9-ACE6-21DA3A6F6D47}.Debug|Any CPU.Build.0 = Debug|Any CPU
		{199CAFE5-A4E4-4FC9-ACE6-21DA3A6F6D47}.Release|Any CPU.ActiveCfg = Release|Any CPU
		{199CAFE5-A4E4-4FC9-ACE6-21DA3A6F6D47}.Release|Any CPU.Build.0 = Release|Any CPU
		{27882CE4-7863-4A2B-A1E8-6B42CAF25499}.Debug|Any CPU.ActiveCfg = Debug|Any CPU
		{27882CE4-7863-4A2B-A1E8-6B42CAF25499}.Debug|Any CPU.Build.0 = Debug|Any CPU
		{27882CE4-7863-4A2B-A1E8-6B42CAF25499}.Release|Any CPU.ActiveCfg = Release|Any CPU
		{27882CE4-7863-4A2B-A1E8-6B42CAF25499}.Release|Any CPU.Build.0 = Release|Any CPU
		{92560335-D3BB-4D98-A5A2-6A064DBFF94E}.Debug|Any CPU.ActiveCfg = Debug|Any CPU
		{92560335-D3BB-4D98-A5A2-6A064DBFF94E}.Debug|Any CPU.Build.0 = Debug|Any CPU
		{92560335-D3BB-4D98-A5A2-6A064DBFF94E}.Release|Any CPU.ActiveCfg = Release|Any CPU
		{92560335-D3BB-4D98-A5A2-6A064DBFF94E}.Release|Any CPU.Build.0 = Release|Any CPU
		{1C6DC1F6-31A2-45D6-8F62-516E85B52EB9}.Debug|Any CPU.ActiveCfg = Debug|Any CPU
		{1C6DC1F6-31A2-45D6-8F62-516E85B52EB9}.Debug|Any CPU.Build.0 = Debug|Any CPU
		{1C6DC1F6-31A2-45D6-8F62-516E85B52EB9}.Release|Any CPU.ActiveCfg = Release|Any CPU
		{1C6DC1F6-31A2-45D6-8F62-516E85B52EB9}.Release|Any CPU.Build.0 = Release|Any CPU
		{82CD49D7-75A3-4DA9-8E62-67170BB5E2A9}.Debug|Any CPU.ActiveCfg = Debug|Any CPU
		{82CD49D7-75A3-4DA9-8E62-67170BB5E2A9}.Debug|Any CPU.Build.0 = Debug|Any CPU
		{82CD49D7-75A3-4DA9-8E62-67170BB5E2A9}.Release|Any CPU.ActiveCfg = Release|Any CPU
		{82CD49D7-75A3-4DA9-8E62-67170BB5E2A9}.Release|Any CPU.Build.0 = Release|Any CPU
		{6D2D472D-E269-4FC5-AAEB-7BED59818889}.Debug|Any CPU.ActiveCfg = Debug|Any CPU
		{6D2D472D-E269-4FC5-AAEB-7BED59818889}.Debug|Any CPU.Build.0 = Debug|Any CPU
		{6D2D472D-E269-4FC5-AAEB-7BED59818889}.Release|Any CPU.ActiveCfg = Release|Any CPU
		{6D2D472D-E269-4FC5-AAEB-7BED59818889}.Release|Any CPU.Build.0 = Release|Any CPU
		{34587880-0B8D-4A3B-901E-DC40289005BB}.Debug|Any CPU.ActiveCfg = Debug|Any CPU
		{34587880-0B8D-4A3B-901E-DC40289005BB}.Debug|Any CPU.Build.0 = Debug|Any CPU
		{34587880-0B8D-4A3B-901E-DC40289005BB}.Release|Any CPU.ActiveCfg = Release|Any CPU
		{34587880-0B8D-4A3B-901E-DC40289005BB}.Release|Any CPU.Build.0 = Release|Any CPU
	EndGlobalSection
	GlobalSection(NestedProjects) = preSolution
		{6EF65F12-9615-4488-8F19-95EF753559F9} = {47D4518B-A428-43D0-B153-8097A7BD8292}
		{958A9916-D2EF-4F35-BC85-DD9BB964D90F} = {47D4518B-A428-43D0-B153-8097A7BD8292}
		{199CAFE5-A4E4-4FC9-ACE6-21DA3A6F6D47} = {958A9916-D2EF-4F35-BC85-DD9BB964D90F}
		{27882CE4-7863-4A2B-A1E8-6B42CAF25499} = {958A9916-D2EF-4F35-BC85-DD9BB964D90F}
		{32D76899-4C73-43B2-81AF-EFFC95DB12DD} = {99D07411-C153-40C2-911A-5FDA17D31FB9}
		{92560335-D3BB-4D98-A5A2-6A064DBFF94E} = {32D76899-4C73-43B2-81AF-EFFC95DB12DD}
		{5D973272-5DA3-4249-9B12-0F6F7DDA6BAF} = {47D4518B-A428-43D0-B153-8097A7BD8292}
		{9C3FA5A6-A348-4C20-811B-F8A3F825D7EF} = {47D4518B-A428-43D0-B153-8097A7BD8292}
		{1C6DC1F6-31A2-45D6-8F62-516E85B52EB9} = {9C3FA5A6-A348-4C20-811B-F8A3F825D7EF}
		{82CD49D7-75A3-4DA9-8E62-67170BB5E2A9} = {9C3FA5A6-A348-4C20-811B-F8A3F825D7EF}
		{6D2D472D-E269-4FC5-AAEB-7BED59818889} = {9C3FA5A6-A348-4C20-811B-F8A3F825D7EF}
		{34587880-0B8D-4A3B-901E-DC40289005BB} = {5D973272-5DA3-4249-9B12-0F6F7DDA6BAF}
	EndGlobalSection
EndGlobal
